{
  "name": "DriveHub",
  "lockfileVersion": 3,
  "requires": true,
  "packages": {
    "": {
      "dependencies": {
        "@tabler/icons-react": "^3.2.0"
      }
    },
    "node_modules/@tabler/icons": {
      "version": "3.2.0",
      "resolved": "https://registry.npmjs.org/@tabler/icons/-/icons-3.2.0.tgz",
      "integrity": "sha512-h8GQ2rtxgiSjltrVz4vcopAxTPSpUSUi5nBfJ09H3Bk4fJk6wZ/dVUjzhv/BHfDwGTkAxZBiYe/Q/T95cPeg5Q==",
      "funding": {
        "type": "github",
        "url": "https://github.com/sponsors/codecalm"
      }
    },
    "node_modules/@tabler/icons-react": {
      "version": "3.2.0",
      "resolved": "https://registry.npmjs.org/@tabler/icons-react/-/icons-react-3.2.0.tgz",
      "integrity": "sha512-b1mZT1XpZrzvbM+eFe1YbYbxkzgJ18tM4knZKqXh0gnHDZ6XVLIH3TzJZ3HZ7PTkUqZLZ7XcGae3qQVGburlBw==",
      "dependencies": {
        "@tabler/icons": "3.2.0"
      },
      "funding": {
        "type": "github",
        "url": "https://github.com/sponsors/codecalm"
      },
      "peerDependencies": {
        "react": ">= 16"
      }
    },
    "node_modules/js-tokens": {
      "version": "4.0.0",
      "resolved": "https://registry.npmjs.org/js-tokens/-/js-tokens-4.0.0.tgz",
      "integrity": "sha512-RdJUflcE3cUzKiMqQgsCu06FPu9UdIJO0beYbPhHN4k6apgJtifcoCtT9bcxOpYBtpD2kCM6Sbzg4CausW/PKQ==",
      "peer": true
    },
    "node_modules/loose-envify": {
      "version": "1.4.0",
      "resolved": "https://registry.npmjs.org/loose-envify/-/loose-envify-1.4.0.tgz",
      "integrity": "sha512-lyuxPGr/Wfhrlem2CL/UcnUc1zcqKAImBDzukY7Y5F/yQiNdko6+fRLevlw1HgMySw7f611UIY408EtxRSoK3Q==",
      "peer": true,
      "dependencies": {
        "js-tokens": "^3.0.0 || ^4.0.0"
      },
      "bin": {
        "loose-envify": "cli.js"
      }
    },
    "node_modules/react": {
      "version": "18.2.0",
      "resolved": "https://registry.npmjs.org/react/-/react-18.2.0.tgz",
      "integrity": "sha512-/3IjMdb2L9QbBdWiW5e3P2/npwMBaU9mHCSCUzNln0ZCYbcfTsGbTJrU/kGemdH2IWmB2ioZ+zkxtmq6g09fGQ==",
      "peer": true,
      "dependencies": {
        "loose-envify": "^1.1.0"
      },
      "engines": {
        "node": ">=0.10.0"
      }
    }
  }
}
